
Microsoft Visual Studio Solution File, Format Version 12.00
# Visual Studio Version 16
VisualStudioVersion = 16.0.33027.164
MinimumVisualStudioVersion = 10.0.40219.1
Project("{9A19103F-16F7-4668-BE54-9A1E7A4F7556}") = "WebApiServer", "WebApiServer\WebApiServer.csproj", "{20C69DA5-6892-4696-BCA0-97EE86599558}"
EndProject
Project("{9A19103F-16F7-4668-BE54-9A1E7A4F7556}") = "WpfApp", "WpfApp\WpfApp.csproj", "{D24558FC-4D4E-41EE-9851-8110CD2D71A0}"
EndProject
Global
	GlobalSection(SolutionConfigurationPlatforms) = preSolution
		Debug|Any CPU = Debug|Any CPU
		Release|Any CPU = Release|Any CPU
	EndGlobalSection
	GlobalSection(ProjectConfigurationPlatforms) = postSolution
		{20C69DA5-6892-4696-BCA0-97EE86599558}.Debug|Any CPU.ActiveCfg = Debug|Any CPU
		{20C69DA5-6892-4696-BCA0-97EE86599558}.Debug|Any CPU.Build.0 = Debug|Any CPU
		{20C69DA5-6892-4696-BCA0-97EE86599558}.Release|Any CPU.ActiveCfg = Release|Any CPU
		{20C69DA5-6892-4696-BCA0-97EE86599558}.Release|Any CPU.Build.0 = Release|Any CPU
		{D24558FC-4D4E-41EE-9851-8110CD2D71A0}.Debug|Any CPU.ActiveCfg = Debug|Any CPU
		{D24558FC-4D4E-41EE-9851-8110CD2D71A0}.Debug|Any CPU.Build.0 = Debug|Any CPU
		{D24558FC-4D4E-41EE-9851-8110CD2D71A0}.Release|Any CPU.ActiveCfg = Release|Any CPU
		{D24558FC-4D4E-41EE-9851-8110CD2D71A0}.Release|Any CPU.Build.0 = Release|Any CPU
	EndGlobalSection
	GlobalSection(SolutionProperties) = preSolution
		HideSolutionNode = FALSE
	EndGlobalSection
	GlobalSection(ExtensibilityGlobals) = postSolution
		SolutionGuid = {AAC2378E-91E2-425D-A0CD-3C50E2F6BB11}
	EndGlobalSection
EndGlobal
